
Microsoft Visual Studio Solution File, Format Version 12.00
# Visual Studio Version 17
VisualStudioVersion = 17.7.34031.279
MinimumVisualStudioVersion = 10.0.40219.1
Project("{FAE04EC0-301F-11D3-BF4B-00C04F79EFBC}") = "JenkinsProject", "JenkinsProject\JenkinsProject.csproj", "{DD0229A8-30F3-4F2A-93B8-F03247BF8FFE}"
EndProject
Global
	GlobalSection(SolutionConfigurationPlatforms) = preSolution
		Debug|Any CPU = Debug|Any CPU
		Release|Any CPU = Release|Any CPU
	EndGlobalSection
	GlobalSection(ProjectConfigurationPlatforms) = postSolution
		{DD0229A8-30F3-4F2A-93B8-F03247BF8FFE}.Debug|Any CPU.ActiveCfg = Debug|Any CPU
		{DD0229A8-30F3-4F2A-93B8-F03247BF8FFE}.Debug|Any CPU.Build.0 = Debug|Any CPU
		{DD0229A8-30F3-4F2A-93B8-F03247BF8FFE}.Release|Any CPU.ActiveCfg = Release|Any CPU
		{DD0229A8-30F3-4F2A-93B8-F03247BF8FFE}.Release|Any CPU.Build.0 = Release|Any CPU
	EndGlobalSection
	GlobalSection(SolutionProperties) = preSolution
		HideSolutionNode = FALSE
	EndGlobalSection
	GlobalSection(ExtensibilityGlobals) = postSolution
		SolutionGuid = {14CC7674-1DB7-4EAB-84BB-2A823D41C20A}
	EndGlobalSection
EndGlobal
